{
  "object": {
    "pins": [
      {
        "package": "Lottie",
        "repositoryURL": "https://github.com/airbnb/lottie-ios.git",
        "state": {
          "branch": "master",
          "revision": "98d465699a2229abc1e1d199b21b0a4edbaa8c8d",
          "version": null
        }
      }
    ]
  },
  "version": 1
}
